// !$*UTF8*$!
{
	archiveVersion = 1;
	classes = {
	};
	objectVersion = 46;
	objects = {

/* Begin PBXBuildFile section */
		04BD902C1974142D00722E47 /* RenderingEngine1.cpp in Sources */ = {isa = PBXBuildFile; fileRef = 04BD902A1974142D00722E47 /* RenderingEngine1.cpp */; };
		04BD90321976C3FF00722E47 /* RenderingEngine2.cpp in Sources */ = {isa = PBXBuildFile; fileRef = 04BD90311976C3FF00722E47 /* RenderingEngine2.cpp */; };
		04EC30741966DEF100D2312D /* Foundation.framework in Frameworks */ = {isa = PBXBuildFile; fileRef = 04EC30731966DEF100D2312D /* Foundation.framework */; };
		04EC30761966DEF100D2312D /* CoreGraphics.framework in Frameworks */ = {isa = PBXBuildFile; fileRef = 04EC30751966DEF100D2312D /* CoreGraphics.framework */; };
		04EC30781966DEF100D2312D /* UIKit.framework in Frameworks */ = {isa = PBXBuildFile; fileRef = 04EC30771966DEF100D2312D /* UIKit.framework */; };
		04EC307E1966DEF100D2312D /* InfoPlist.strings in Resources */ = {isa = PBXBuildFile; fileRef = 04EC307C1966DEF100D2312D /* InfoPlist.strings */; };
		04EC30801966DEF100D2312D /* main.m in Sources */ = {isa = PBXBuildFile; fileRef = 04EC307F1966DEF100D2312D /* main.m */; };
		04EC30841966DEF100D2312D /* AppDelegate.mm in Sources */ = {isa = PBXBuildFile; fileRef = 04EC30831966DEF100D2312D /* AppDelegate.mm */; };
		04EC308D1966DEF100D2312D /* XCTest.framework in Frameworks */ = {isa = PBXBuildFile; fileRef = 04EC308C1966DEF100D2312D /* XCTest.framework */; };
		04EC308E1966DEF100D2312D /* Foundation.framework in Frameworks */ = {isa = PBXBuildFile; fileRef = 04EC30731966DEF100D2312D /* Foundation.framework */; };
		04EC308F1966DEF100D2312D /* UIKit.framework in Frameworks */ = {isa = PBXBuildFile; fileRef = 04EC30771966DEF100D2312D /* UIKit.framework */; };
		04EC30971966DEF100D2312D /* InfoPlist.strings in Resources */ = {isa = PBXBuildFile; fileRef = 04EC30951966DEF100D2312D /* InfoPlist.strings */; };
		04EC30991966DEF100D2312D /* HelloArrowTests.m in Sources */ = {isa = PBXBuildFile; fileRef = 04EC30981966DEF100D2312D /* HelloArrowTests.m */; };
		04EC30A31966E57800D2312D /* OpenGLES.framework in Frameworks */ = {isa = PBXBuildFile; fileRef = 04EC30A21966E57800D2312D /* OpenGLES.framework */; };
		04EC30A51966E58800D2312D /* QuartzCore.framework in Frameworks */ = {isa = PBXBuildFile; fileRef = 04EC30A41966E58800D2312D /* QuartzCore.framework */; };
		04EC30A81966F74C00D2312D /* GLView.mm in Sources */ = {isa = PBXBuildFile; fileRef = 04EC30A71966F74C00D2312D /* GLView.mm */; };
		04EC30B1196ED08100D2312D /* Images.xcassets in Resources */ = {isa = PBXBuildFile; fileRef = 04EC30B0196ED08100D2312D /* Images.xcassets */; };
/* End PBXBuildFile section */

/* Begin PBXContainerItemProxy section */
		04EC30901966DEF100D2312D /* PBXContainerItemProxy */ = {
			isa = PBXContainerItemProxy;
			containerPortal = 04EC30681966DEF100D2312D /* Project object */;
			proxyType = 1;
			remoteGlobalIDString = 04EC306F1966DEF100D2312D;
			remoteInfo = HelloArrow;
		};
/* End PBXContainerItemProxy section */

/* Begin PBXFileReference section */
		048E8417196EE7C2001701DD /* IRenderingEngine.hpp */ = {isa = PBXFileReference; fileEncoding = 4; lastKnownFileType = sourcecode.cpp.h; path = IRenderingEngine.hpp; sourceTree = "<group>"; };
		04BD902A1974142D00722E47 /* RenderingEngine1.cpp */ = {isa = PBXFileReference; fileEncoding = 4; lastKnownFileType = sourcecode.cpp.cpp; path = RenderingEngine1.cpp; sourceTree = "<group>"; };
		04BD90311976C3FF00722E47 /* RenderingEngine2.cpp */ = {isa = PBXFileReference; fileEncoding = 4; lastKnownFileType = sourcecode.cpp.cpp; path = RenderingEngine2.cpp; sourceTree = "<group>"; };
		04BD90331976C53900722E47 /* Simple.frag */ = {isa = PBXFileReference; lastKnownFileType = sourcecode.glsl; name = Simple.frag; path = Shaders/Simple.frag; sourceTree = "<group>"; };
		04BD90341976C53900722E47 /* Simple.vert */ = {isa = PBXFileReference; lastKnownFileType = sourcecode.glsl; name = Simple.vert; path = Shaders/Simple.vert; sourceTree = "<group>"; };
		04EC30701966DEF100D2312D /* HelloArrow.app */ = {isa = PBXFileReference; explicitFileType = wrapper.application; includeInIndex = 0; path = HelloArrow.app; sourceTree = BUILT_PRODUCTS_DIR; };
		04EC30731966DEF100D2312D /* Foundation.framework */ = {isa = PBXFileReference; lastKnownFileType = wrapper.framework; name = Foundation.framework; path = System/Library/Frameworks/Foundation.framework; sourceTree = SDKROOT; };
		04EC30751966DEF100D2312D /* CoreGraphics.framework */ = {isa = PBXFileReference; lastKnownFileType = wrapper.framework; name = CoreGraphics.framework; path = System/Library/Frameworks/CoreGraphics.framework; sourceTree = SDKROOT; };
		04EC30771966DEF100D2312D /* UIKit.framework */ = {isa = PBXFileReference; lastKnownFileType = wrapper.framework; name = UIKit.framework; path = System/Library/Frameworks/UIKit.framework; sourceTree = SDKROOT; };
		04EC307B1966DEF100D2312D /* HelloArrow-Info.plist */ = {isa = PBXFileReference; lastKnownFileType = text.plist.xml; path = "HelloArrow-Info.plist"; sourceTree = "<group>"; };
		04EC307D1966DEF100D2312D /* en */ = {isa = PBXFileReference; lastKnownFileType = text.plist.strings; name = en; path = en.lproj/InfoPlist.strings; sourceTree = "<group>"; };
		04EC307F1966DEF100D2312D /* main.m */ = {isa = PBXFileReference; lastKnownFileType = sourcecode.c.objc; path = main.m; sourceTree = "<group>"; };
		04EC30811966DEF100D2312D /* HelloArrow-Prefix.pch */ = {isa = PBXFileReference; lastKnownFileType = sourcecode.c.h; path = "HelloArrow-Prefix.pch"; sourceTree = "<group>"; };
		04EC30821966DEF100D2312D /* AppDelegate.h */ = {isa = PBXFileReference; lastKnownFileType = sourcecode.c.h; path = AppDelegate.h; sourceTree = "<group>"; };
		04EC30831966DEF100D2312D /* AppDelegate.mm */ = {isa = PBXFileReference; lastKnownFileType = sourcecode.cpp.objcpp; path = AppDelegate.mm; sourceTree = "<group>"; };
		04EC308B1966DEF100D2312D /* HelloArrowTests.xctest */ = {isa = PBXFileReference; explicitFileType = wrapper.cfbundle; includeInIndex = 0; path = HelloArrowTests.xctest; sourceTree = BUILT_PRODUCTS_DIR; };
		04EC308C1966DEF100D2312D /* XCTest.framework */ = {isa = PBXFileReference; lastKnownFileType = wrapper.framework; name = XCTest.framework; path = Library/Frameworks/XCTest.framework; sourceTree = DEVELOPER_DIR; };
		04EC30941966DEF100D2312D /* HelloArrowTests-Info.plist */ = {isa = PBXFileReference; lastKnownFileType = text.plist.xml; path = "HelloArrowTests-Info.plist"; sourceTree = "<group>"; };
		04EC30961966DEF100D2312D /* en */ = {isa = PBXFileReference; lastKnownFileType = text.plist.strings; name = en; path = en.lproj/InfoPlist.strings; sourceTree = "<group>"; };
		04EC30981966DEF100D2312D /* HelloArrowTests.m */ = {isa = PBXFileReference; lastKnownFileType = sourcecode.c.objc; path = HelloArrowTests.m; sourceTree = "<group>"; };
		04EC30A21966E57800D2312D /* OpenGLES.framework */ = {isa = PBXFileReference; lastKnownFileType = wrapper.framework; name = OpenGLES.framework; path = System/Library/Frameworks/OpenGLES.framework; sourceTree = SDKROOT; };
		04EC30A41966E58800D2312D /* QuartzCore.framework */ = {isa = PBXFileReference; lastKnownFileType = wrapper.framework; name = QuartzCore.framework; path = System/Library/Frameworks/QuartzCore.framework; sourceTree = SDKROOT; };
		04EC30A61966F74C00D2312D /* GLView.h */ = {isa = PBXFileReference; fileEncoding = 4; lastKnownFileType = sourcecode.c.h; path = GLView.h; sourceTree = "<group>"; };
		04EC30A71966F74C00D2312D /* GLView.mm */ = {isa = PBXFileReference; fileEncoding = 4; lastKnownFileType = sourcecode.cpp.objcpp; path = GLView.mm; sourceTree = "<group>"; };
		04EC30B0196ED08100D2312D /* Images.xcassets */ = {isa = PBXFileReference; lastKnownFileType = folder.assetcatalog; path = Images.xcassets; sourceTree = "<group>"; };
/* End PBXFileReference section */

/* Begin PBXFrameworksBuildPhase section */
		04EC306D1966DEF100D2312D /* Frameworks */ = {
			isa = PBXFrameworksBuildPhase;
			buildActionMask = 2147483647;
			files = (
				04EC30A51966E58800D2312D /* QuartzCore.framework in Frameworks */,
				04EC30A31966E57800D2312D /* OpenGLES.framework in Frameworks */,
				04EC30761966DEF100D2312D /* CoreGraphics.framework in Frameworks */,
				04EC30781966DEF100D2312D /* UIKit.framework in Frameworks */,
				04EC30741966DEF100D2312D /* Foundation.framework in Frameworks */,
			);
			runOnlyForDeploymentPostprocessing = 0;
		};
		04EC30881966DEF100D2312D /* Frameworks */ = {
			isa = PBXFrameworksBuildPhase;
			buildActionMask = 2147483647;
			files = (
				04EC308D1966DEF100D2312D /* XCTest.framework in Frameworks */,
				04EC308F1966DEF100D2312D /* UIKit.framework in Frameworks */,
				04EC308E1966DEF100D2312D /* Foundation.framework in Frameworks */,
			);
			runOnlyForDeploymentPostprocessing = 0;
		};
/* End PBXFrameworksBuildPhase section */

/* Begin PBXGroup section */
		04BD902D1976B11400722E47 /* Shaders */ = {
			isa = PBXGroup;
			children = (
				04BD90331976C53900722E47 /* Simple.frag */,
				04BD90341976C53900722E47 /* Simple.vert */,
			);
			name = Shaders;
			sourceTree = "<group>";
		};
		04EC30671966DEF100D2312D = {
			isa = PBXGroup;
			children = (
				04EC30791966DEF100D2312D /* HelloArrow */,
				04EC30921966DEF100D2312D /* HelloArrowTests */,
				04EC30721966DEF100D2312D /* Frameworks */,
				04EC30711966DEF100D2312D /* Products */,
			);
			sourceTree = "<group>";
		};
		04EC30711966DEF100D2312D /* Products */ = {
			isa = PBXGroup;
			children = (
				04EC30701966DEF100D2312D /* HelloArrow.app */,
				04EC308B1966DEF100D2312D /* HelloArrowTests.xctest */,
			);
			name = Products;
			sourceTree = "<group>";
		};
		04EC30721966DEF100D2312D /* Frameworks */ = {
			isa = PBXGroup;
			children = (
				04EC30A41966E58800D2312D /* QuartzCore.framework */,
				04EC30A21966E57800D2312D /* OpenGLES.framework */,
				04EC30731966DEF100D2312D /* Foundation.framework */,
				04EC30751966DEF100D2312D /* CoreGraphics.framework */,
				04EC30771966DEF100D2312D /* UIKit.framework */,
				04EC308C1966DEF100D2312D /* XCTest.framework */,
			);
			name = Frameworks;
			sourceTree = "<group>";
		};
		04EC30791966DEF100D2312D /* HelloArrow */ = {
			isa = PBXGroup;
			children = (
				04BD902D1976B11400722E47 /* Shaders */,
				04EC30821966DEF100D2312D /* AppDelegate.h */,
				04EC30831966DEF100D2312D /* AppDelegate.mm */,
				048E8417196EE7C2001701DD /* IRenderingEngine.hpp */,
				04BD902A1974142D00722E47 /* RenderingEngine1.cpp */,
				04BD90311976C3FF00722E47 /* RenderingEngine2.cpp */,
				04EC30A61966F74C00D2312D /* GLView.h */,
				04EC30A71966F74C00D2312D /* GLView.mm */,
				04EC30B0196ED08100D2312D /* Images.xcassets */,
				04EC307A1966DEF100D2312D /* Supporting Files */,
			);
			path = HelloArrow;
			sourceTree = "<group>";
		};
		04EC307A1966DEF100D2312D /* Supporting Files */ = {
			isa = PBXGroup;
			children = (
				04EC307B1966DEF100D2312D /* HelloArrow-Info.plist */,
				04EC307C1966DEF100D2312D /* InfoPlist.strings */,
				04EC307F1966DEF100D2312D /* main.m */,
				04EC30811966DEF100D2312D /* HelloArrow-Prefix.pch */,
			);
			name = "Supporting Files";
			sourceTree = "<group>";
		};
		04EC30921966DEF100D2312D /* HelloArrowTests */ = {
			isa = PBXGroup;
			children = (
				04EC30981966DEF100D2312D /* HelloArrowTests.m */,
				04EC30931966DEF100D2312D /* Supporting Files */,
			);
			path = HelloArrowTests;
			sourceTree = "<group>";
		};
		04EC30931966DEF100D2312D /* Supporting Files */ = {
			isa = PBXGroup;
			children = (
				04EC30941966DEF100D2312D /* HelloArrowTests-Info.plist */,
				04EC30951966DEF100D2312D /* InfoPlist.strings */,
			);
			name = "Supporting Files";
			sourceTree = "<group>";
		};
/* End PBXGroup section */

/* Begin PBXNativeTarget section */
		04EC306F1966DEF100D2312D /* HelloArrow */ = {
			isa = PBXNativeTarget;
			buildConfigurationList = 04EC309C1966DEF100D2312D /* Build configuration list for PBXNativeTarget "HelloArrow" */;
			buildPhases = (
				04EC306C1966DEF100D2312D /* Sources */,
				04EC306D1966DEF100D2312D /* Frameworks */,
				04EC306E1966DEF100D2312D /* Resources */,
			);
			buildRules = (
			);
			dependencies = (
			);
			name = HelloArrow;
			productName = HelloArrow;
			productReference = 04EC30701966DEF100D2312D /* HelloArrow.app */;
			productType = "com.apple.product-type.application";
		};
		04EC308A1966DEF100D2312D /* HelloArrowTests */ = {
			isa = PBXNativeTarget;
			buildConfigurationList = 04EC309F1966DEF100D2312D /* Build configuration list for PBXNativeTarget "HelloArrowTests" */;
			buildPhases = (
				04EC30871966DEF100D2312D /* Sources */,
				04EC30881966DEF100D2312D /* Frameworks */,
				04EC30891966DEF100D2312D /* Resources */,
			);
			buildRules = (
			);
			dependencies = (
				04EC30911966DEF100D2312D /* PBXTargetDependency */,
			);
			name = HelloArrowTests;
			productName = HelloArrowTests;
			productReference = 04EC308B1966DEF100D2312D /* HelloArrowTests.xctest */;
			productType = "com.apple.product-type.bundle.unit-test";
		};
/* End PBXNativeTarget section */

/* Begin PBXProject section */
		04EC30681966DEF100D2312D /* Project object */ = {
			isa = PBXProject;
			attributes = {
				LastUpgradeCheck = 0510;
				ORGANIZATIONNAME = "Denys Khlivnyy";
				TargetAttributes = {
					04EC308A1966DEF100D2312D = {
						TestTargetID = 04EC306F1966DEF100D2312D;
					};
				};
			};
			buildConfigurationList = 04EC306B1966DEF100D2312D /* Build configuration list for PBXProject "HelloArrow" */;
			compatibilityVersion = "Xcode 3.2";
			developmentRegion = English;
			hasScannedForEncodings = 0;
			knownRegions = (
				en,
			);
			mainGroup = 04EC30671966DEF100D2312D;
			productRefGroup = 04EC30711966DEF100D2312D /* Products */;
			projectDirPath = "";
			projectRoot = "";
			targets = (
				04EC306F1966DEF100D2312D /* HelloArrow */,
				04EC308A1966DEF100D2312D /* HelloArrowTests */,
			);
		};
/* End PBXProject section */

/* Begin PBXResourcesBuildPhase section */
		04EC306E1966DEF100D2312D /* Resources */ = {
			isa = PBXResourcesBuildPhase;
			buildActionMask = 2147483647;
			files = (
				04EC307E1966DEF100D2312D /* InfoPlist.strings in Resources */,
				04EC30B1196ED08100D2312D /* Images.xcassets in Resources */,
			);
			runOnlyForDeploymentPostprocessing = 0;
		};
		04EC30891966DEF100D2312D /* Resources */ = {
			isa = PBXResourcesBuildPhase;
			buildActionMask = 2147483647;
			files = (
				04EC30971966DEF100D2312D /* InfoPlist.strings in Resources */,
			);
			runOnlyForDeploymentPostprocessing = 0;
		};
/* End PBXResourcesBuildPhase section */

/* Begin PBXSourcesBuildPhase section */
		04EC306C1966DEF100D2312D /* Sources */ = {
			isa = PBXSourcesBuildPhase;
			buildActionMask = 2147483647;
			files = (
				04EC30841966DEF100D2312D /* AppDelegate.mm in Sources */,
				04EC30801966DEF100D2312D /* main.m in Sources */,
				04BD902C1974142D00722E47 /* RenderingEngine1.cpp in Sources */,
				04EC30A81966F74C00D2312D /* GLView.mm in Sources */,
				04BD90321976C3FF00722E47 /* RenderingEngine2.cpp in Sources */,
			);
			runOnlyForDeploymentPostprocessing = 0;
		};
		04EC30871966DEF100D2312D /* Sources */ = {
			isa = PBXSourcesBuildPhase;
			buildActionMask = 2147483647;
			files = (
				04EC30991966DEF100D2312D /* HelloArrowTests.m in Sources */,
			);
			runOnlyForDeploymentPostprocessing = 0;
		};
/* End PBXSourcesBuildPhase section */

/* Begin PBXTargetDependency section */
		04EC30911966DEF100D2312D /* PBXTargetDependency */ = {
			isa = PBXTargetDependency;
			target = 04EC306F1966DEF100D2312D /* HelloArrow */;
			targetProxy = 04EC30901966DEF100D2312D /* PBXContainerItemProxy */;
		};
/* End PBXTargetDependency section */

/* Begin PBXVariantGroup section */
		04EC307C1966DEF100D2312D /* InfoPlist.strings */ = {
			isa = PBXVariantGroup;
			children = (
				04EC307D1966DEF100D2312D /* en */,
			);
			name = InfoPlist.strings;
			sourceTree = "<group>";
		};
		04EC30951966DEF100D2312D /* InfoPlist.strings */ = {
			isa = PBXVariantGroup;
			children = (
				04EC30961966DEF100D2312D /* en */,
			);
			name = InfoPlist.strings;
			sourceTree = "<group>";
		};
/* End PBXVariantGroup section */

/* Begin XCBuildConfiguration section */
		04EC309A1966DEF100D2312D /* Debug */ = {
			isa = XCBuildConfiguration;
			buildSettings = {
				ALWAYS_SEARCH_USER_PATHS = NO;
				CLANG_CXX_LANGUAGE_STANDARD = "gnu++0x";
				CLANG_CXX_LIBRARY = "libc++";
				CLANG_ENABLE_MODULES = YES;
				CLANG_ENABLE_OBJC_ARC = YES;
				CLANG_WARN_BOOL_CONVERSION = YES;
				CLANG_WARN_CONSTANT_CONVERSION = YES;
				CLANG_WARN_DIRECT_OBJC_ISA_USAGE = YES_ERROR;
				CLANG_WARN_EMPTY_BODY = YES;
				CLANG_WARN_ENUM_CONVERSION = YES;
				CLANG_WARN_INT_CONVERSION = YES;
				CLANG_WARN_OBJC_ROOT_CLASS = YES_ERROR;
				CLANG_WARN__DUPLICATE_METHOD_MATCH = YES;
				"CODE_SIGN_IDENTITY[sdk=iphoneos*]" = "iPhone Developer";
				COPY_PHASE_STRIP = NO;
				GCC_C_LANGUAGE_STANDARD = gnu99;
				GCC_DYNAMIC_NO_PIC = NO;
				GCC_OPTIMIZATION_LEVEL = 0;
				GCC_PREPROCESSOR_DEFINITIONS = (
					"DEBUG=1",
					"$(inherited)",
				);
				GCC_SYMBOLS_PRIVATE_EXTERN = NO;
				GCC_WARN_64_TO_32_BIT_CONVERSION = YES;
				GCC_WARN_ABOUT_RETURN_TYPE = YES_ERROR;
				GCC_WARN_UNDECLARED_SELECTOR = YES;
				GCC_WARN_UNINITIALIZED_AUTOS = YES_AGGRESSIVE;
				GCC_WARN_UNUSED_FUNCTION = YES;
				GCC_WARN_UNUSED_VARIABLE = YES;
				IPHONEOS_DEPLOYMENT_TARGET = 7.1;
				ONLY_ACTIVE_ARCH = YES;
				SDKROOT = iphoneos;
			};
			name = Debug;
		};
		04EC309B1966DEF100D2312D /* Release */ = {
			isa = XCBuildConfiguration;
			buildSettings = {
				ALWAYS_SEARCH_USER_PATHS = NO;
				CLANG_CXX_LANGUAGE_STANDARD = "gnu++0x";
				CLANG_CXX_LIBRARY = "libc++";
				CLANG_ENABLE_MODULES = YES;
				CLANG_ENABLE_OBJC_ARC = YES;
				CLANG_WARN_BOOL_CONVERSION = YES;
				CLANG_WARN_CONSTANT_CONVERSION = YES;
				CLANG_WARN_DIRECT_OBJC_ISA_USAGE = YES_ERROR;
				CLANG_WARN_EMPTY_BODY = YES;
				CLANG_WARN_ENUM_CONVERSION = YES;
				CLANG_WARN_INT_CONVERSION = YES;
				CLANG_WARN_OBJC_ROOT_CLASS = YES_ERROR;
				CLANG_WARN__DUPLICATE_METHOD_MATCH = YES;
				"CODE_SIGN_IDENTITY[sdk=iphoneos*]" = "iPhone Developer";
				COPY_PHASE_STRIP = YES;
				ENABLE_NS_ASSERTIONS = NO;
				GCC_C_LANGUAGE_STANDARD = gnu99;
				GCC_WARN_64_TO_32_BIT_CONVERSION = YES;
				GCC_WARN_ABOUT_RETURN_TYPE = YES_ERROR;
				GCC_WARN_UNDECLARED_SELECTOR = YES;
				GCC_WARN_UNINITIALIZED_AUTOS = YES_AGGRESSIVE;
				GCC_WARN_UNUSED_FUNCTION = YES;
				GCC_WARN_UNUSED_VARIABLE = YES;
				IPHONEOS_DEPLOYMENT_TARGET = 7.1;
				SDKROOT = iphoneos;
				VALIDATE_PRODUCT = YES;
			};
			name = Release;
		};
		04EC309D1966DEF100D2312D /* Debug */ = {
			isa = XCBuildConfiguration;
			buildSettings = {
				ASSETCATALOG_COMPILER_APPICON_NAME = AppIcon;
				ASSETCATALOG_COMPILER_LAUNCHIMAGE_NAME = LaunchImage;
				GCC_PRECOMPILE_PREFIX_HEADER = YES;
				GCC_PREFIX_HEADER = "HelloArrow/HelloArrow-Prefix.pch";
				INFOPLIST_FILE = "HelloArrow/HelloArrow-Info.plist";
				PRODUCT_NAME = "$(TARGET_NAME)";
				WRAPPER_EXTENSION = app;
			};
			name = Debug;
		};
		04EC309E1966DEF100D2312D /* Release */ = {
			isa = XCBuildConfiguration;
			buildSettings = {
				ASSETCATALOG_COMPILER_APPICON_NAME = AppIcon;
				ASSETCATALOG_COMPILER_LAUNCHIMAGE_NAME = LaunchImage;
				GCC_PRECOMPILE_PREFIX_HEADER = YES;
				GCC_PREFIX_HEADER = "HelloArrow/HelloArrow-Prefix.pch";
				INFOPLIST_FILE = "HelloArrow/HelloArrow-Info.plist";
				PRODUCT_NAME = "$(TARGET_NAME)";
				WRAPPER_EXTENSION = app;
			};
			name = Release;
		};
		04EC30A01966DEF100D2312D /* Debug */ = {
			isa = XCBuildConfiguration;
			buildSettings = {
				BUNDLE_LOADER = "$(BUILT_PRODUCTS_DIR)/HelloArrow.app/HelloArrow";
				FRAMEWORK_SEARCH_PATHS = (
					"$(SDKROOT)/Developer/Library/Frameworks",
					"$(inherited)",
					"$(DEVELOPER_FRAMEWORKS_DIR)",
				);
				GCC_PRECOMPILE_PREFIX_HEADER = YES;
				GCC_PREFIX_HEADER = "HelloArrow/HelloArrow-Prefix.pch";
				GCC_PREPROCESSOR_DEFINITIONS = (
					"DEBUG=1",
					"$(inherited)",
				);
				INFOPLIST_FILE = "HelloArrowTests/HelloArrowTests-Info.plist";
				PRODUCT_NAME = "$(TARGET_NAME)";
				TEST_HOST = "$(BUNDLE_LOADER)";
				WRAPPER_EXTENSION = xctest;
			};
			name = Debug;
		};
		04EC30A11966DEF100D2312D /* Release */ = {
			isa = XCBuildConfiguration;
			buildSettings = {
				BUNDLE_LOADER = "$(BUILT_PRODUCTS_DIR)/HelloArrow.app/HelloArrow";
				FRAMEWORK_SEARCH_PATHS = (
					"$(SDKROOT)/Developer/Library/Frameworks",
					"$(inherited)",
					"$(DEVELOPER_FRAMEWORKS_DIR)",
				);
				GCC_PRECOMPILE_PREFIX_HEADER = YES;
				GCC_PREFIX_HEADER = "HelloArrow/HelloArrow-Prefix.pch";
				INFOPLIST_FILE = "HelloArrowTests/HelloArrowTests-Info.plist";
				PRODUCT_NAME = "$(TARGET_NAME)";
				TEST_HOST = "$(BUNDLE_LOADER)";
				WRAPPER_EXTENSION = xctest;
			};
			name = Release;
		};
/* End XCBuildConfiguration section */

/* Begin XCConfigurationList section */
		04EC306B1966DEF100D2312D /* Build configuration list for PBXProject "HelloArrow" */ = {
			isa = XCConfigurationList;
			buildConfigurations = (
				04EC309A1966DEF100D2312D /* Debug */,
				04EC309B1966DEF100D2312D /* Release */,
			);
			defaultConfigurationIsVisible = 0;
			defaultConfigurationName = Release;
		};
		04EC309C1966DEF100D2312D /* Build configuration list for PBXNativeTarget "HelloArrow" */ = {
			isa = XCConfigurationList;
			buildConfigurations = (
				04EC309D1966DEF100D2312D /* Debug */,
				04EC309E1966DEF100D2312D /* Release */,
			);
			defaultConfigurationIsVisible = 0;
			defaultConfigurationName = Release;
		};
		04EC309F1966DEF100D2312D /* Build configuration list for PBXNativeTarget "HelloArrowTests" */ = {
			isa = XCConfigurationList;
			buildConfigurations = (
				04EC30A01966DEF100D2312D /* Debug */,
				04EC30A11966DEF100D2312D /* Release */,
			);
			defaultConfigurationIsVisible = 0;
			defaultConfigurationName = Release;
		};
/* End XCConfigurationList section */
	};
	rootObject = 04EC30681966DEF100D2312D /* Project object */;
}
